
Microsoft Visual Studio Solution File, Format Version 12.00
# Visual Studio Version 16
VisualStudioVersion = 16.0.30907.101
MinimumVisualStudioVersion = 10.0.40219.1
Project("{9A19103F-16F7-4668-BE54-9A1E7A4F7556}") = "RMQ.Client", "RabbitMQ\RMQ.Client.csproj", "{771FBBDA-CB58-4665-9A8C-BEE4A72BC5F5}"
EndProject
Global
	GlobalSection(SolutionConfigurationPlatforms) = preSolution
		Debug|Any CPU = Debug|Any CPU
		Release|Any CPU = Release|Any CPU
	EndGlobalSection
	GlobalSection(ProjectConfigurationPlatforms) = postSolution
		{771FBBDA-CB58-4665-9A8C-BEE4A72BC5F5}.Debug|Any CPU.ActiveCfg = Debug|Any CPU
		{771FBBDA-CB58-4665-9A8C-BEE4A72BC5F5}.Debug|Any CPU.Build.0 = Debug|Any CPU
		{771FBBDA-CB58-4665-9A8C-BEE4A72BC5F5}.Release|Any CPU.ActiveCfg = Release|Any CPU
		{771FBBDA-CB58-4665-9A8C-BEE4A72BC5F5}.Release|Any CPU.Build.0 = Release|Any CPU
	EndGlobalSection
	GlobalSection(SolutionProperties) = preSolution
		HideSolutionNode = FALSE
	EndGlobalSection
	GlobalSection(ExtensibilityGlobals) = postSolution
		SolutionGuid = {5AC8BA9C-FF3C-4ED8-84AC-4317BF6A7DDE}
	EndGlobalSection
EndGlobal
